
Microsoft Visual Studio Solution File, Format Version 12.00
# Visual Studio 15
VisualStudioVersion = 15.0.35714.111
MinimumVisualStudioVersion = 10.0.40219.1
Project("{FAE04EC0-301F-11D3-BF4B-00C04F79EFBC}") = "hfwCustomElements", "hfwCustomElements\hfwCustomElements.csproj", "{9703C936-94C0-4EDA-8F84-40F0D652E135}"
EndProject
Project("{FAE04EC0-301F-11D3-BF4B-00C04F79EFBC}") = "hfwAppBase", "hfwAppBase\hfwAppBase.csproj", "{B5A7E987-2684-4EB3-8FA6-F532A03AA337}"
EndProject
Project("{2150E333-8FDC-42A3-9474-1A3956D46DE8}") = "@@TESTERs", "@@TESTERs", "{1CA1387A-2224-4B39-A2F3-1462C4DA3B44}"
EndProject
Project("{FAE04EC0-301F-11D3-BF4B-00C04F79EFBC}") = "TESTROLL31", "@@TESTERs\TESTROLL31\TESTROLL31.csproj", "{2E678040-A6C4-4FA1-A6AA-1D2295C34158}"
EndProject
Global
	GlobalSection(SolutionConfigurationPlatforms) = preSolution
		Debug|Any CPU = Debug|Any CPU
		Release|Any CPU = Release|Any CPU
	EndGlobalSection
	GlobalSection(ProjectConfigurationPlatforms) = postSolution
		{9703C936-94C0-4EDA-8F84-40F0D652E135}.Debug|Any CPU.ActiveCfg = Debug|Any CPU
		{9703C936-94C0-4EDA-8F84-40F0D652E135}.Debug|Any CPU.Build.0 = Debug|Any CPU
		{9703C936-94C0-4EDA-8F84-40F0D652E135}.Release|Any CPU.ActiveCfg = Release|Any CPU
		{9703C936-94C0-4EDA-8F84-40F0D652E135}.Release|Any CPU.Build.0 = Release|Any CPU
		{B5A7E987-2684-4EB3-8FA6-F532A03AA337}.Debug|Any CPU.ActiveCfg = Debug|Any CPU
		{B5A7E987-2684-4EB3-8FA6-F532A03AA337}.Debug|Any CPU.Build.0 = Debug|Any CPU
		{B5A7E987-2684-4EB3-8FA6-F532A03AA337}.Release|Any CPU.ActiveCfg = Release|Any CPU
		{B5A7E987-2684-4EB3-8FA6-F532A03AA337}.Release|Any CPU.Build.0 = Release|Any CPU
		{2E678040-A6C4-4FA1-A6AA-1D2295C34158}.Debug|Any CPU.ActiveCfg = Debug|Any CPU
		{2E678040-A6C4-4FA1-A6AA-1D2295C34158}.Debug|Any CPU.Build.0 = Debug|Any CPU
		{2E678040-A6C4-4FA1-A6AA-1D2295C34158}.Release|Any CPU.ActiveCfg = Release|Any CPU
		{2E678040-A6C4-4FA1-A6AA-1D2295C34158}.Release|Any CPU.Build.0 = Release|Any CPU
	EndGlobalSection
	GlobalSection(SolutionProperties) = preSolution
		HideSolutionNode = FALSE
	EndGlobalSection
	GlobalSection(NestedProjects) = preSolution
		{2E678040-A6C4-4FA1-A6AA-1D2295C34158} = {1CA1387A-2224-4B39-A2F3-1462C4DA3B44}
	EndGlobalSection
	GlobalSection(ExtensibilityGlobals) = postSolution
		SolutionGuid = {B4286A92-849F-4F33-BD42-F223C5800819}
	EndGlobalSection
EndGlobal
